
Microsoft Visual Studio Solution File, Format Version 12.00
# Visual Studio Version 17
VisualStudioVersion = 17.11.35327.3
MinimumVisualStudioVersion = 10.0.40219.1
Project("{FAE04EC0-301F-11D3-BF4B-00C04F79EFBC}") = "HolaMundo", "HolaMundo.csproj", "{8A25491E-F811-4A0A-A4E9-E22E55F6E419}"
EndProject
Global
	GlobalSection(SolutionConfigurationPlatforms) = preSolution
		Debug|Any CPU = Debug|Any CPU
		Release|Any CPU = Release|Any CPU
	EndGlobalSection
	GlobalSection(ProjectConfigurationPlatforms) = postSolution
		{8A25491E-F811-4A0A-A4E9-E22E55F6E419}.Debug|Any CPU.ActiveCfg = Debug|Any CPU
		{8A25491E-F811-4A0A-A4E9-E22E55F6E419}.Debug|Any CPU.Build.0 = Debug|Any CPU
		{8A25491E-F811-4A0A-A4E9-E22E55F6E419}.Release|Any CPU.ActiveCfg = Release|Any CPU
		{8A25491E-F811-4A0A-A4E9-E22E55F6E419}.Release|Any CPU.Build.0 = Release|Any CPU
	EndGlobalSection
	GlobalSection(SolutionProperties) = preSolution
		HideSolutionNode = FALSE
	EndGlobalSection
	GlobalSection(ExtensibilityGlobals) = postSolution
		SolutionGuid = {682F60BE-2091-4EE0-A935-6BA52008E3F2}
	EndGlobalSection
EndGlobal
