
Microsoft Visual Studio Solution File, Format Version 12.00
# Visual Studio Version 17
VisualStudioVersion = 17.6.33801.468
MinimumVisualStudioVersion = 10.0.40219.1
Project("{FAE04EC0-301F-11D3-BF4B-00C04F79EFBC}") = "GeneradorDeContraseñas", "GeneradorDeContraseñas\GeneradorDeContraseñas.csproj", "{3D2A7925-83CF-4ADE-A037-DDB958ADB0F1}"
EndProject
Global
	GlobalSection(SolutionConfigurationPlatforms) = preSolution
		Debug|Any CPU = Debug|Any CPU
		Release|Any CPU = Release|Any CPU
	EndGlobalSection
	GlobalSection(ProjectConfigurationPlatforms) = postSolution
		{3D2A7925-83CF-4ADE-A037-DDB958ADB0F1}.Debug|Any CPU.ActiveCfg = Debug|Any CPU
		{3D2A7925-83CF-4ADE-A037-DDB958ADB0F1}.Debug|Any CPU.Build.0 = Debug|Any CPU
		{3D2A7925-83CF-4ADE-A037-DDB958ADB0F1}.Release|Any CPU.ActiveCfg = Release|Any CPU
		{3D2A7925-83CF-4ADE-A037-DDB958ADB0F1}.Release|Any CPU.Build.0 = Release|Any CPU
	EndGlobalSection
	GlobalSection(SolutionProperties) = preSolution
		HideSolutionNode = FALSE
	EndGlobalSection
	GlobalSection(ExtensibilityGlobals) = postSolution
		SolutionGuid = {F0C6C1D1-6CCE-4379-9E7F-5B7E2A32EE38}
	EndGlobalSection
EndGlobal
