
Microsoft Visual Studio Solution File, Format Version 12.00
# Visual Studio Version 17
VisualStudioVersion = 17.11.35327.3
MinimumVisualStudioVersion = 10.0.40219.1
Project("{FAE04EC0-301F-11D3-BF4B-00C04F79EFBC}") = "ClasePuntoBidimensional", "ClasePuntoBidimensional\ClasePuntoBidimensional.csproj", "{53E4E527-54BB-43E5-A3B1-30CB86DA7955}"
EndProject
Global
	GlobalSection(SolutionConfigurationPlatforms) = preSolution
		Debug|Any CPU = Debug|Any CPU
		Release|Any CPU = Release|Any CPU
	EndGlobalSection
	GlobalSection(ProjectConfigurationPlatforms) = postSolution
		{53E4E527-54BB-43E5-A3B1-30CB86DA7955}.Debug|Any CPU.ActiveCfg = Debug|Any CPU
		{53E4E527-54BB-43E5-A3B1-30CB86DA7955}.Debug|Any CPU.Build.0 = Debug|Any CPU
		{53E4E527-54BB-43E5-A3B1-30CB86DA7955}.Release|Any CPU.ActiveCfg = Release|Any CPU
		{53E4E527-54BB-43E5-A3B1-30CB86DA7955}.Release|Any CPU.Build.0 = Release|Any CPU
	EndGlobalSection
	GlobalSection(SolutionProperties) = preSolution
		HideSolutionNode = FALSE
	EndGlobalSection
	GlobalSection(ExtensibilityGlobals) = postSolution
		SolutionGuid = {39AC17BC-90EE-47AD-8391-655362B8A980}
	EndGlobalSection
EndGlobal
